
Microsoft Visual Studio Solution File, Format Version 12.00
# Visual Studio 15
VisualStudioVersion = 15.0.28307.102
MinimumVisualStudioVersion = 10.0.40219.1
Project("{2150E333-8FDC-42A3-9474-1A3956D46DE8}") = ".paket", ".paket", "{BBFE98BF-B415-49B7-AB17-E4B5D2292A8E}"
	ProjectSection(SolutionItems) = preProject
		paket.dependencies = paket.dependencies
	EndProjectSection
EndProject
Project("{FAE04EC0-301F-11D3-BF4B-00C04F79EFBC}") = "CodingConnected.WPF.Controls", "CodingConnected.WPF.Controls\CodingConnected.WPF.Controls.csproj", "{CFE05A9A-30FA-459C-A2EE-FAE87569A826}"
EndProject
Project("{2150E333-8FDC-42A3-9474-1A3956D46DE8}") = "Solution Items", "Solution Items", "{C21064AC-CABD-43F4-B305-9FEBFCEA0311}"
	ProjectSection(SolutionItems) = preProject
		LICENSE.md = LICENSE.md
		README.md = README.md
	EndProjectSection
EndProject
Project("{FAE04EC0-301F-11D3-BF4B-00C04F79EFBC}") = "CodingConnected.WPF.Controls.Example", "WpfApp1\CodingConnected.WPF.Controls.Example.csproj", "{A3077B8F-3DB7-4A23-861E-BD93B87F4A52}"
EndProject
Global
	GlobalSection(SolutionConfigurationPlatforms) = preSolution
		Debug|Any CPU = Debug|Any CPU
		Release|Any CPU = Release|Any CPU
	EndGlobalSection
	GlobalSection(ProjectConfigurationPlatforms) = postSolution
		{CFE05A9A-30FA-459C-A2EE-FAE87569A826}.Debug|Any CPU.ActiveCfg = Debug|Any CPU
		{CFE05A9A-30FA-459C-A2EE-FAE87569A826}.Debug|Any CPU.Build.0 = Debug|Any CPU
		{CFE05A9A-30FA-459C-A2EE-FAE87569A826}.Release|Any CPU.ActiveCfg = Release|Any CPU
		{CFE05A9A-30FA-459C-A2EE-FAE87569A826}.Release|Any CPU.Build.0 = Release|Any CPU
		{A3077B8F-3DB7-4A23-861E-BD93B87F4A52}.Debug|Any CPU.ActiveCfg = Debug|Any CPU
		{A3077B8F-3DB7-4A23-861E-BD93B87F4A52}.Debug|Any CPU.Build.0 = Debug|Any CPU
		{A3077B8F-3DB7-4A23-861E-BD93B87F4A52}.Release|Any CPU.ActiveCfg = Release|Any CPU
		{A3077B8F-3DB7-4A23-861E-BD93B87F4A52}.Release|Any CPU.Build.0 = Release|Any CPU
	EndGlobalSection
	GlobalSection(SolutionProperties) = preSolution
		HideSolutionNode = FALSE
	EndGlobalSection
	GlobalSection(ExtensibilityGlobals) = postSolution
		SolutionGuid = {A9EE6144-81E5-45FB-AAB9-CB405D5753FA}
	EndGlobalSection
EndGlobal
