
Microsoft Visual Studio Solution File, Format Version 12.00
# Visual Studio 15
VisualStudioVersion = 15.0.28307.102
MinimumVisualStudioVersion = 10.0.40219.1
Project("{FAE04EC0-301F-11D3-BF4B-00C04F79EFBC}") = "CodingConnected.WPF.Controls", "CodingConnected.WPF.Controls\CodingConnected.WPF.Controls.csproj", "{CFE05A9A-30FA-459C-A2EE-FAE87569A826}"
EndProject
Global
	GlobalSection(SolutionConfigurationPlatforms) = preSolution
		Debug|Any CPU = Debug|Any CPU
		Release|Any CPU = Release|Any CPU
	EndGlobalSection
	GlobalSection(ProjectConfigurationPlatforms) = postSolution
		{CFE05A9A-30FA-459C-A2EE-FAE87569A826}.Debug|Any CPU.ActiveCfg = Debug|Any CPU
		{CFE05A9A-30FA-459C-A2EE-FAE87569A826}.Debug|Any CPU.Build.0 = Debug|Any CPU
		{CFE05A9A-30FA-459C-A2EE-FAE87569A826}.Release|Any CPU.ActiveCfg = Release|Any CPU
		{CFE05A9A-30FA-459C-A2EE-FAE87569A826}.Release|Any CPU.Build.0 = Release|Any CPU
	EndGlobalSection
	GlobalSection(SolutionProperties) = preSolution
		HideSolutionNode = FALSE
	EndGlobalSection
	GlobalSection(ExtensibilityGlobals) = postSolution
		SolutionGuid = {A9EE6144-81E5-45FB-AAB9-CB405D5753FA}
	EndGlobalSection
EndGlobal
